
Microsoft Visual Studio Solution File, Format Version 12.00
# Visual Studio Version 16
VisualStudioVersion = 16.0.29728.190
MinimumVisualStudioVersion = 10.0.40219.1
Project("{FAE04EC0-301F-11D3-BF4B-00C04F79EFBC}") = "InvoiceManagementApp.Api", "InvoiceManagementApp.Api\InvoiceManagementApp.Api.csproj", "{0011EA0D-2C85-415F-BB45-522538F06EC5}"
EndProject
Project("{FAE04EC0-301F-11D3-BF4B-00C04F79EFBC}") = "InvoiceManagementApp.Domain", "InvoiceManagementApp.Domain\InvoiceManagementApp.Domain.csproj", "{38CB326B-09CA-41F5-8EAC-4384316272FE}"
EndProject
Project("{FAE04EC0-301F-11D3-BF4B-00C04F79EFBC}") = "InvoiceManagementApp.Application", "InvoiceManagementApp.Application\InvoiceManagementApp.Application.csproj", "{EB22A8E9-6F39-4B34-9712-CFF02280B556}"
EndProject
Project("{FAE04EC0-301F-11D3-BF4B-00C04F79EFBC}") = "InvoiceManagementApp.Infrastructure", "InvoiceManagementApp.Infrastructure\InvoiceManagementApp.Infrastructure.csproj", "{1D157188-96D8-47DE-82A2-4EB96BE7C253}"
EndProject
Global
	GlobalSection(SolutionConfigurationPlatforms) = preSolution
		Debug|Any CPU = Debug|Any CPU
		Release|Any CPU = Release|Any CPU
	EndGlobalSection
	GlobalSection(ProjectConfigurationPlatforms) = postSolution
		{0011EA0D-2C85-415F-BB45-522538F06EC5}.Debug|Any CPU.ActiveCfg = Debug|Any CPU
		{0011EA0D-2C85-415F-BB45-522538F06EC5}.Debug|Any CPU.Build.0 = Debug|Any CPU
		{0011EA0D-2C85-415F-BB45-522538F06EC5}.Release|Any CPU.ActiveCfg = Release|Any CPU
		{0011EA0D-2C85-415F-BB45-522538F06EC5}.Release|Any CPU.Build.0 = Release|Any CPU
		{38CB326B-09CA-41F5-8EAC-4384316272FE}.Debug|Any CPU.ActiveCfg = Debug|Any CPU
		{38CB326B-09CA-41F5-8EAC-4384316272FE}.Debug|Any CPU.Build.0 = Debug|Any CPU
		{38CB326B-09CA-41F5-8EAC-4384316272FE}.Release|Any CPU.ActiveCfg = Release|Any CPU
		{38CB326B-09CA-41F5-8EAC-4384316272FE}.Release|Any CPU.Build.0 = Release|Any CPU
		{EB22A8E9-6F39-4B34-9712-CFF02280B556}.Debug|Any CPU.ActiveCfg = Debug|Any CPU
		{EB22A8E9-6F39-4B34-9712-CFF02280B556}.Debug|Any CPU.Build.0 = Debug|Any CPU
		{EB22A8E9-6F39-4B34-9712-CFF02280B556}.Release|Any CPU.ActiveCfg = Release|Any CPU
		{EB22A8E9-6F39-4B34-9712-CFF02280B556}.Release|Any CPU.Build.0 = Release|Any CPU
		{1D157188-96D8-47DE-82A2-4EB96BE7C253}.Debug|Any CPU.ActiveCfg = Debug|Any CPU
		{1D157188-96D8-47DE-82A2-4EB96BE7C253}.Debug|Any CPU.Build.0 = Debug|Any CPU
		{1D157188-96D8-47DE-82A2-4EB96BE7C253}.Release|Any CPU.ActiveCfg = Release|Any CPU
		{1D157188-96D8-47DE-82A2-4EB96BE7C253}.Release|Any CPU.Build.0 = Release|Any CPU
	EndGlobalSection
	GlobalSection(SolutionProperties) = preSolution
		HideSolutionNode = FALSE
	EndGlobalSection
	GlobalSection(ExtensibilityGlobals) = postSolution
		SolutionGuid = {252573B7-F378-4D34-888E-482EF95E43AE}
	EndGlobalSection
EndGlobal
